// !$*UTF8*$!
{
	archiveVersion = 1;
	classes = {
	};
	objectVersion = 50;
	objects = {

/* Begin PBXBuildFile section */
		ED119B1F25748A8600AD0EFA /* PerformanceMonitorManager.swift in Sources */ = {isa = PBXBuildFile; fileRef = ED119B1D25748A8600AD0EFA /* PerformanceMonitorManager.swift */; };
		ED119B2025748A8600AD0EFA /* CrashlyticManager.swift in Sources */ = {isa = PBXBuildFile; fileRef = ED119B1E25748A8600AD0EFA /* CrashlyticManager.swift */; };
		ED1D5662258B441100A0CC97 /* ic_deeplink_shortcut.png in Resources */ = {isa = PBXBuildFile; fileRef = ED1D565F258B441100A0CC97 /* ic_deeplink_shortcut.png */; };
		ED1D5663258B441100A0CC97 /* img_sbackground.jpg in Resources */ = {isa = PBXBuildFile; fileRef = ED1D5660258B441100A0CC97 /* img_sbackground.jpg */; };
		ED1D5664258B441100A0CC97 /* img_splash.jpg in Resources */ = {isa = PBXBuildFile; fileRef = ED1D5661258B441100A0CC97 /* img_splash.jpg */; };
		ED25EB412565062000C297D6 /* scan_qr_focus.png in Resources */ = {isa = PBXBuildFile; fileRef = ED25EB402565062000C297D6 /* scan_qr_focus.png */; };
		ED33F7CD255CC99400C7C90C /* ApiUtils.swift in Sources */ = {isa = PBXBuildFile; fileRef = ED33F7CC255CC99400C7C90C /* ApiUtils.swift */; };
		ED33F7D8255CCF4200C7C90C /* CommonUtils.swift in Sources */ = {isa = PBXBuildFile; fileRef = ED33F7D7255CCF4200C7C90C /* CommonUtils.swift */; };
		ED33F904255D1E9300C7C90C /* CaptchaGenerator.swift in Sources */ = {isa = PBXBuildFile; fileRef = ED33F903255D1E9300C7C90C /* CaptchaGenerator.swift */; };
		ED33F90D255D20A600C7C90C /* UIButtonHelper.swift in Sources */ = {isa = PBXBuildFile; fileRef = ED33F907255D20A600C7C90C /* UIButtonHelper.swift */; };
		ED33F90E255D20A600C7C90C /* NSLayoutHelper.swift in Sources */ = {isa = PBXBuildFile; fileRef = ED33F908255D20A600C7C90C /* NSLayoutHelper.swift */; };
		ED33F90F255D20A600C7C90C /* DeviceHelper.swift in Sources */ = {isa = PBXBuildFile; fileRef = ED33F909255D20A600C7C90C /* DeviceHelper.swift */; };
		ED33F910255D20A600C7C90C /* UITextViewHelper.swift in Sources */ = {isa = PBXBuildFile; fileRef = ED33F90A255D20A600C7C90C /* UITextViewHelper.swift */; };
		ED33F911255D20A600C7C90C /* UILabelHelper.swift in Sources */ = {isa = PBXBuildFile; fileRef = ED33F90B255D20A600C7C90C /* UILabelHelper.swift */; };
		ED33F912255D20A600C7C90C /* UITextFieldHelper.swift in Sources */ = {isa = PBXBuildFile; fileRef = ED33F90C255D20A600C7C90C /* UITextFieldHelper.swift */; };
		ED33F91C255D21FB00C7C90C /* PasswordTextField.swift in Sources */ = {isa = PBXBuildFile; fileRef = ED33F915255D21FB00C7C90C /* PasswordTextField.swift */; };
		ED33F91D255D21FB00C7C90C /* BundleUtil.swift in Sources */ = {isa = PBXBuildFile; fileRef = ED33F916255D21FB00C7C90C /* BundleUtil.swift */; };
		ED33F91E255D21FB00C7C90C /* PasswordRule.swift in Sources */ = {isa = PBXBuildFile; fileRef = ED33F917255D21FB00C7C90C /* PasswordRule.swift */; };
		ED33F91F255D21FB00C7C90C /* RegexRule.swift in Sources */ = {isa = PBXBuildFile; fileRef = ED33F918255D21FB00C7C90C /* RegexRule.swift */; };
		ED33F920255D21FB00C7C90C /* Ruleable.swift in Sources */ = {isa = PBXBuildFile; fileRef = ED33F919255D21FB00C7C90C /* Ruleable.swift */; };
		ED33F921255D21FB00C7C90C /* PasswordTextField.h in Headers */ = {isa = PBXBuildFile; fileRef = ED33F91A255D21FB00C7C90C /* PasswordTextField.h */; };
		ED33F922255D21FB00C7C90C /* SecureTextToggleButton.swift in Sources */ = {isa = PBXBuildFile; fileRef = ED33F91B255D21FB00C7C90C /* SecureTextToggleButton.swift */; };
		ED33F9ED255E232900C7C90C /* QRScannerView.swift in Sources */ = {isa = PBXBuildFile; fileRef = ED33F9E9255E232900C7C90C /* QRScannerView.swift */; };
		ED33F9EE255E232900C7C90C /* QRScanner.h in Headers */ = {isa = PBXBuildFile; fileRef = ED33F9EA255E232900C7C90C /* QRScanner.h */; };
		ED33F9EF255E232900C7C90C /* QRScannerError.swift in Sources */ = {isa = PBXBuildFile; fileRef = ED33F9EB255E232900C7C90C /* QRScannerError.swift */; };
		ED33F9FA255E275100C7C90C /* CustomSpinner.xib in Resources */ = {isa = PBXBuildFile; fileRef = ED33F9F3255E275000C7C90C /* CustomSpinner.xib */; };
		ED33F9FB255E275100C7C90C /* CustomSpinner.swift in Sources */ = {isa = PBXBuildFile; fileRef = ED33F9F4255E275000C7C90C /* CustomSpinner.swift */; };
		ED33F9FC255E275100C7C90C /* CustomRadioLabelItem.xib in Resources */ = {isa = PBXBuildFile; fileRef = ED33F9F6255E275000C7C90C /* CustomRadioLabelItem.xib */; };
		ED33F9FD255E275100C7C90C /* CustomRadioTextFieldItem.xib in Resources */ = {isa = PBXBuildFile; fileRef = ED33F9F7255E275100C7C90C /* CustomRadioTextFieldItem.xib */; };
		ED33F9FE255E275100C7C90C /* CustomRadioTextFieldItem.swift in Sources */ = {isa = PBXBuildFile; fileRef = ED33F9F8255E275100C7C90C /* CustomRadioTextFieldItem.swift */; };
		ED33F9FF255E275100C7C90C /* CustomRadioLabelItem.swift in Sources */ = {isa = PBXBuildFile; fileRef = ED33F9F9255E275100C7C90C /* CustomRadioLabelItem.swift */; };
		ED33FA02255E276100C7C90C /* NibLoadable.swift in Sources */ = {isa = PBXBuildFile; fileRef = ED33FA01255E276100C7C90C /* NibLoadable.swift */; };
		ED33FA07255E280E00C7C90C /* UIViewExtension.swift in Sources */ = {isa = PBXBuildFile; fileRef = ED33FA06255E280E00C7C90C /* UIViewExtension.swift */; };
		ED33FA0F255E29AF00C7C90C /* UITextFieldExtension.swift in Sources */ = {isa = PBXBuildFile; fileRef = ED33FA0E255E29AF00C7C90C /* UITextFieldExtension.swift */; };
		ED33FA4D255E7DDA00C7C90C /* AESCipher.m in Sources */ = {isa = PBXBuildFile; fileRef = ED33FA4B255E7DDA00C7C90C /* AESCipher.m */; };
		ED33FA4E255E7DDA00C7C90C /* AESCipher.h in Headers */ = {isa = PBXBuildFile; fileRef = ED33FA4C255E7DDA00C7C90C /* AESCipher.h */; };
		ED33FA51255E7E7000C7C90C /* ViewUtils.swift in Sources */ = {isa = PBXBuildFile; fileRef = ED33FA50255E7E7000C7C90C /* ViewUtils.swift */; };
		ED3D73D1257A0C620067CDA4 /* BaseLoadingView.swift in Sources */ = {isa = PBXBuildFile; fileRef = ED3D73D0257A0C620067CDA4 /* BaseLoadingView.swift */; };
		ED59FE4225665EDD00745289 /* WMSegment.swift in Sources */ = {isa = PBXBuildFile; fileRef = ED59FE4125665EDD00745289 /* WMSegment.swift */; };
		ED9F1EEC258B3595003DD400 /* AuthenticationManager.swift in Sources */ = {isa = PBXBuildFile; fileRef = ED9F1EE8258B3595003DD400 /* AuthenticationManager.swift */; };
		ED9F1EEE258B3595003DD400 /* EventCalendarManager.swift in Sources */ = {isa = PBXBuildFile; fileRef = ED9F1EEA258B3595003DD400 /* EventCalendarManager.swift */; };
		ED9F1EEF258B3595003DD400 /* SpotlightManager.swift in Sources */ = {isa = PBXBuildFile; fileRef = ED9F1EEB258B3595003DD400 /* SpotlightManager.swift */; };
		EDA607522563752E004C6530 /* OrderedDictionary+Deprecated.swift in Sources */ = {isa = PBXBuildFile; fileRef = EDA6074E2563752E004C6530 /* OrderedDictionary+Deprecated.swift */; };
		EDA607532563752E004C6530 /* OrderedDictionary+Codable.swift in Sources */ = {isa = PBXBuildFile; fileRef = EDA6074F2563752E004C6530 /* OrderedDictionary+Codable.swift */; };
		EDA607542563752E004C6530 /* OrderedDictionary.swift in Sources */ = {isa = PBXBuildFile; fileRef = EDA607502563752E004C6530 /* OrderedDictionary.swift */; };
		EDA607552563752E004C6530 /* OrderedDictionary+Description.swift in Sources */ = {isa = PBXBuildFile; fileRef = EDA607512563752E004C6530 /* OrderedDictionary+Description.swift */; };
		EDA608C32563BEAC004C6530 /* visibility_off.png in Resources */ = {isa = PBXBuildFile; fileRef = EDA608C12563BEAC004C6530 /* visibility_off.png */; };
		EDA608C42563BEAC004C6530 /* visibility_on.png in Resources */ = {isa = PBXBuildFile; fileRef = EDA608C22563BEAC004C6530 /* visibility_on.png */; };
		EDB9DB9A2562177A00C6F2A7 /* UIViewControllerExtension.swift in Sources */ = {isa = PBXBuildFile; fileRef = EDB9DB982562177900C6F2A7 /* UIViewControllerExtension.swift */; };
		EDB9DBA42562178400C6F2A7 /* StringExtension.swift in Sources */ = {isa = PBXBuildFile; fileRef = EDB9DB9E2562178400C6F2A7 /* StringExtension.swift */; };
		EDB9DBA52562178400C6F2A7 /* CGFloatExtension.swift in Sources */ = {isa = PBXBuildFile; fileRef = EDB9DB9F2562178400C6F2A7 /* CGFloatExtension.swift */; };
		EDB9DBA62562178400C6F2A7 /* CALayerExtension.swift in Sources */ = {isa = PBXBuildFile; fileRef = EDB9DBA02562178400C6F2A7 /* CALayerExtension.swift */; };
		EDB9DBA72562178400C6F2A7 /* DateExtension.swift in Sources */ = {isa = PBXBuildFile; fileRef = EDB9DBA12562178400C6F2A7 /* DateExtension.swift */; };
		EDB9DC932562283300C6F2A7 /* UIButtonExtension.swift in Sources */ = {isa = PBXBuildFile; fileRef = EDB9DC922562283300C6F2A7 /* UIButtonExtension.swift */; };
		EDC2AAFA165C7AB6EF7E36A4 /* Pods_LibraryCollections.framework in Frameworks */ = {isa = PBXBuildFile; fileRef = 6D05BBE899326F0DBB4455D9 /* Pods_LibraryCollections.framework */; };
		EDD15993255A81EA00011C8E /* LibraryCollections.h in Headers */ = {isa = PBXBuildFile; fileRef = EDD15991255A81EA00011C8E /* LibraryCollections.h */; settings = {ATTRIBUTES = (Public, ); }; };
		EDD2A29A2578ED0C00CEEF4D /* ic_radio_unselected.png in Resources */ = {isa = PBXBuildFile; fileRef = EDD2A2992578ED0C00CEEF4D /* ic_radio_unselected.png */; };
		EDD2A29D2578ED5900CEEF4D /* ic_blue_down.png in Resources */ = {isa = PBXBuildFile; fileRef = EDD2A29C2578ED5900CEEF4D /* ic_blue_down.png */; };
/* End PBXBuildFile section */

/* Begin PBXFileReference section */
		420535B4894ADE9AB2A3F647 /* Pods-LibraryCollections.debug.xcconfig */ = {isa = PBXFileReference; includeInIndex = 1; lastKnownFileType = text.xcconfig; name = "Pods-LibraryCollections.debug.xcconfig"; path = "Target Support Files/Pods-LibraryCollections/Pods-LibraryCollections.debug.xcconfig"; sourceTree = "<group>"; };
		6D05BBE899326F0DBB4455D9 /* Pods_LibraryCollections.framework */ = {isa = PBXFileReference; explicitFileType = wrapper.framework; includeInIndex = 0; path = Pods_LibraryCollections.framework; sourceTree = BUILT_PRODUCTS_DIR; };
		C5294EA4EBB0CCAF2BA5D1CC /* Pods-LibraryCollections.release.xcconfig */ = {isa = PBXFileReference; includeInIndex = 1; lastKnownFileType = text.xcconfig; name = "Pods-LibraryCollections.release.xcconfig"; path = "Target Support Files/Pods-LibraryCollections/Pods-LibraryCollections.release.xcconfig"; sourceTree = "<group>"; };
		ED119B1D25748A8600AD0EFA /* PerformanceMonitorManager.swift */ = {isa = PBXFileReference; fileEncoding = 4; lastKnownFileType = sourcecode.swift; path = PerformanceMonitorManager.swift; sourceTree = "<group>"; };
		ED119B1E25748A8600AD0EFA /* CrashlyticManager.swift */ = {isa = PBXFileReference; fileEncoding = 4; lastKnownFileType = sourcecode.swift; path = CrashlyticManager.swift; sourceTree = "<group>"; };
		ED1D565F258B441100A0CC97 /* ic_deeplink_shortcut.png */ = {isa = PBXFileReference; lastKnownFileType = image.png; path = ic_deeplink_shortcut.png; sourceTree = "<group>"; };
		ED1D5660258B441100A0CC97 /* img_sbackground.jpg */ = {isa = PBXFileReference; lastKnownFileType = image.jpeg; path = img_sbackground.jpg; sourceTree = "<group>"; };
		ED1D5661258B441100A0CC97 /* img_splash.jpg */ = {isa = PBXFileReference; lastKnownFileType = image.jpeg; path = img_splash.jpg; sourceTree = "<group>"; };
		ED25EB402565062000C297D6 /* scan_qr_focus.png */ = {isa = PBXFileReference; lastKnownFileType = image.png; path = scan_qr_focus.png; sourceTree = "<group>"; };
		ED33F7CC255CC99400C7C90C /* ApiUtils.swift */ = {isa = PBXFileReference; fileEncoding = 4; lastKnownFileType = sourcecode.swift; path = ApiUtils.swift; sourceTree = "<group>"; };
		ED33F7D7255CCF4200C7C90C /* CommonUtils.swift */ = {isa = PBXFileReference; lastKnownFileType = sourcecode.swift; path = CommonUtils.swift; sourceTree = "<group>"; };
		ED33F903255D1E9300C7C90C /* CaptchaGenerator.swift */ = {isa = PBXFileReference; fileEncoding = 4; lastKnownFileType = sourcecode.swift; path = CaptchaGenerator.swift; sourceTree = "<group>"; };
		ED33F907255D20A600C7C90C /* UIButtonHelper.swift */ = {isa = PBXFileReference; fileEncoding = 4; lastKnownFileType = sourcecode.swift; path = UIButtonHelper.swift; sourceTree = "<group>"; };
		ED33F908255D20A600C7C90C /* NSLayoutHelper.swift */ = {isa = PBXFileReference; fileEncoding = 4; lastKnownFileType = sourcecode.swift; path = NSLayoutHelper.swift; sourceTree = "<group>"; };
		ED33F909255D20A600C7C90C /* DeviceHelper.swift */ = {isa = PBXFileReference; fileEncoding = 4; lastKnownFileType = sourcecode.swift; path = DeviceHelper.swift; sourceTree = "<group>"; };
		ED33F90A255D20A600C7C90C /* UITextViewHelper.swift */ = {isa = PBXFileReference; fileEncoding = 4; lastKnownFileType = sourcecode.swift; path = UITextViewHelper.swift; sourceTree = "<group>"; };
		ED33F90B255D20A600C7C90C /* UILabelHelper.swift */ = {isa = PBXFileReference; fileEncoding = 4; lastKnownFileType = sourcecode.swift; path = UILabelHelper.swift; sourceTree = "<group>"; };
		ED33F90C255D20A600C7C90C /* UITextFieldHelper.swift */ = {isa = PBXFileReference; fileEncoding = 4; lastKnownFileType = sourcecode.swift; path = UITextFieldHelper.swift; sourceTree = "<group>"; };
		ED33F915255D21FB00C7C90C /* PasswordTextField.swift */ = {isa = PBXFileReference; fileEncoding = 4; lastKnownFileType = sourcecode.swift; path = PasswordTextField.swift; sourceTree = "<group>"; };
		ED33F916255D21FB00C7C90C /* BundleUtil.swift */ = {isa = PBXFileReference; fileEncoding = 4; lastKnownFileType = sourcecode.swift; path = BundleUtil.swift; sourceTree = "<group>"; };
		ED33F917255D21FB00C7C90C /* PasswordRule.swift */ = {isa = PBXFileReference; fileEncoding = 4; lastKnownFileType = sourcecode.swift; path = PasswordRule.swift; sourceTree = "<group>"; };
		ED33F918255D21FB00C7C90C /* RegexRule.swift */ = {isa = PBXFileReference; fileEncoding = 4; lastKnownFileType = sourcecode.swift; path = RegexRule.swift; sourceTree = "<group>"; };
		ED33F919255D21FB00C7C90C /* Ruleable.swift */ = {isa = PBXFileReference; fileEncoding = 4; lastKnownFileType = sourcecode.swift; path = Ruleable.swift; sourceTree = "<group>"; };
		ED33F91A255D21FB00C7C90C /* PasswordTextField.h */ = {isa = PBXFileReference; fileEncoding = 4; lastKnownFileType = sourcecode.c.h; path = PasswordTextField.h; sourceTree = "<group>"; };
		ED33F91B255D21FB00C7C90C /* SecureTextToggleButton.swift */ = {isa = PBXFileReference; fileEncoding = 4; lastKnownFileType = sourcecode.swift; path = SecureTextToggleButton.swift; sourceTree = "<group>"; };
		ED33F9E9255E232900C7C90C /* QRScannerView.swift */ = {isa = PBXFileReference; fileEncoding = 4; lastKnownFileType = sourcecode.swift; path = QRScannerView.swift; sourceTree = "<group>"; };
		ED33F9EA255E232900C7C90C /* QRScanner.h */ = {isa = PBXFileReference; fileEncoding = 4; lastKnownFileType = sourcecode.c.h; path = QRScanner.h; sourceTree = "<group>"; };
		ED33F9EB255E232900C7C90C /* QRScannerError.swift */ = {isa = PBXFileReference; fileEncoding = 4; lastKnownFileType = sourcecode.swift; path = QRScannerError.swift; sourceTree = "<group>"; };
		ED33F9F3255E275000C7C90C /* CustomSpinner.xib */ = {isa = PBXFileReference; fileEncoding = 4; lastKnownFileType = file.xib; path = CustomSpinner.xib; sourceTree = "<group>"; };
		ED33F9F4255E275000C7C90C /* CustomSpinner.swift */ = {isa = PBXFileReference; fileEncoding = 4; lastKnownFileType = sourcecode.swift; path = CustomSpinner.swift; sourceTree = "<group>"; };
		ED33F9F6255E275000C7C90C /* CustomRadioLabelItem.xib */ = {isa = PBXFileReference; fileEncoding = 4; lastKnownFileType = file.xib; path = CustomRadioLabelItem.xib; sourceTree = "<group>"; };
		ED33F9F7255E275100C7C90C /* CustomRadioTextFieldItem.xib */ = {isa = PBXFileReference; fileEncoding = 4; lastKnownFileType = file.xib; path = CustomRadioTextFieldItem.xib; sourceTree = "<group>"; };
		ED33F9F8255E275100C7C90C /* CustomRadioTextFieldItem.swift */ = {isa = PBXFileReference; fileEncoding = 4; lastKnownFileType = sourcecode.swift; path = CustomRadioTextFieldItem.swift; sourceTree = "<group>"; };
		ED33F9F9255E275100C7C90C /* CustomRadioLabelItem.swift */ = {isa = PBXFileReference; fileEncoding = 4; lastKnownFileType = sourcecode.swift; path = CustomRadioLabelItem.swift; sourceTree = "<group>"; };
		ED33FA01255E276100C7C90C /* NibLoadable.swift */ = {isa = PBXFileReference; fileEncoding = 4; lastKnownFileType = sourcecode.swift; path = NibLoadable.swift; sourceTree = "<group>"; };
		ED33FA06255E280E00C7C90C /* UIViewExtension.swift */ = {isa = PBXFileReference; fileEncoding = 4; lastKnownFileType = sourcecode.swift; path = UIViewExtension.swift; sourceTree = "<group>"; };
		ED33FA0E255E29AF00C7C90C /* UITextFieldExtension.swift */ = {isa = PBXFileReference; fileEncoding = 4; lastKnownFileType = sourcecode.swift; path = UITextFieldExtension.swift; sourceTree = "<group>"; };
		ED33FA4B255E7DDA00C7C90C /* AESCipher.m */ = {isa = PBXFileReference; fileEncoding = 4; lastKnownFileType = sourcecode.c.objc; path = AESCipher.m; sourceTree = "<group>"; };
		ED33FA4C255E7DDA00C7C90C /* AESCipher.h */ = {isa = PBXFileReference; fileEncoding = 4; lastKnownFileType = sourcecode.c.h; path = AESCipher.h; sourceTree = "<group>"; };
		ED33FA50255E7E7000C7C90C /* ViewUtils.swift */ = {isa = PBXFileReference; fileEncoding = 4; lastKnownFileType = sourcecode.swift; path = ViewUtils.swift; sourceTree = "<group>"; };
		ED3D73D0257A0C620067CDA4 /* BaseLoadingView.swift */ = {isa = PBXFileReference; lastKnownFileType = sourcecode.swift; path = BaseLoadingView.swift; sourceTree = "<group>"; };
		ED59FE4125665EDD00745289 /* WMSegment.swift */ = {isa = PBXFileReference; fileEncoding = 4; lastKnownFileType = sourcecode.swift; path = WMSegment.swift; sourceTree = "<group>"; };
		ED9F1EE8258B3595003DD400 /* AuthenticationManager.swift */ = {isa = PBXFileReference; fileEncoding = 4; lastKnownFileType = sourcecode.swift; path = AuthenticationManager.swift; sourceTree = "<group>"; };
		ED9F1EEA258B3595003DD400 /* EventCalendarManager.swift */ = {isa = PBXFileReference; fileEncoding = 4; lastKnownFileType = sourcecode.swift; path = EventCalendarManager.swift; sourceTree = "<group>"; };
		ED9F1EEB258B3595003DD400 /* SpotlightManager.swift */ = {isa = PBXFileReference; fileEncoding = 4; lastKnownFileType = sourcecode.swift; path = SpotlightManager.swift; sourceTree = "<group>"; };
		EDA6074E2563752E004C6530 /* OrderedDictionary+Deprecated.swift */ = {isa = PBXFileReference; fileEncoding = 4; lastKnownFileType = sourcecode.swift; path = "OrderedDictionary+Deprecated.swift"; sourceTree = "<group>"; };
		EDA6074F2563752E004C6530 /* OrderedDictionary+Codable.swift */ = {isa = PBXFileReference; fileEncoding = 4; lastKnownFileType = sourcecode.swift; path = "OrderedDictionary+Codable.swift"; sourceTree = "<group>"; };
		EDA607502563752E004C6530 /* OrderedDictionary.swift */ = {isa = PBXFileReference; fileEncoding = 4; lastKnownFileType = sourcecode.swift; path = OrderedDictionary.swift; sourceTree = "<group>"; };
		EDA607512563752E004C6530 /* OrderedDictionary+Description.swift */ = {isa = PBXFileReference; fileEncoding = 4; lastKnownFileType = sourcecode.swift; path = "OrderedDictionary+Description.swift"; sourceTree = "<group>"; };
		EDA608C12563BEAC004C6530 /* visibility_off.png */ = {isa = PBXFileReference; lastKnownFileType = image.png; path = visibility_off.png; sourceTree = "<group>"; };
		EDA608C22563BEAC004C6530 /* visibility_on.png */ = {isa = PBXFileReference; lastKnownFileType = image.png; path = visibility_on.png; sourceTree = "<group>"; };
		EDB9DB982562177900C6F2A7 /* UIViewControllerExtension.swift */ = {isa = PBXFileReference; fileEncoding = 4; lastKnownFileType = sourcecode.swift; path = UIViewControllerExtension.swift; sourceTree = "<group>"; };
		EDB9DB9E2562178400C6F2A7 /* StringExtension.swift */ = {isa = PBXFileReference; fileEncoding = 4; lastKnownFileType = sourcecode.swift; path = StringExtension.swift; sourceTree = "<group>"; };
		EDB9DB9F2562178400C6F2A7 /* CGFloatExtension.swift */ = {isa = PBXFileReference; fileEncoding = 4; lastKnownFileType = sourcecode.swift; path = CGFloatExtension.swift; sourceTree = "<group>"; };
		EDB9DBA02562178400C6F2A7 /* CALayerExtension.swift */ = {isa = PBXFileReference; fileEncoding = 4; lastKnownFileType = sourcecode.swift; path = CALayerExtension.swift; sourceTree = "<group>"; };
		EDB9DBA12562178400C6F2A7 /* DateExtension.swift */ = {isa = PBXFileReference; fileEncoding = 4; lastKnownFileType = sourcecode.swift; path = DateExtension.swift; sourceTree = "<group>"; };
		EDB9DC922562283300C6F2A7 /* UIButtonExtension.swift */ = {isa = PBXFileReference; fileEncoding = 4; lastKnownFileType = sourcecode.swift; path = UIButtonExtension.swift; sourceTree = "<group>"; };
		EDD1598E255A81EA00011C8E /* LibraryCollections.framework */ = {isa = PBXFileReference; explicitFileType = wrapper.framework; includeInIndex = 0; path = LibraryCollections.framework; sourceTree = BUILT_PRODUCTS_DIR; };
		EDD15991255A81EA00011C8E /* LibraryCollections.h */ = {isa = PBXFileReference; lastKnownFileType = sourcecode.c.h; path = LibraryCollections.h; sourceTree = "<group>"; };
		EDD15992255A81EA00011C8E /* Info.plist */ = {isa = PBXFileReference; lastKnownFileType = text.plist.xml; path = Info.plist; sourceTree = "<group>"; };
		EDD2A2992578ED0C00CEEF4D /* ic_radio_unselected.png */ = {isa = PBXFileReference; lastKnownFileType = image.png; path = ic_radio_unselected.png; sourceTree = "<group>"; };
		EDD2A29C2578ED5900CEEF4D /* ic_blue_down.png */ = {isa = PBXFileReference; lastKnownFileType = image.png; path = ic_blue_down.png; sourceTree = "<group>"; };
/* End PBXFileReference section */

/* Begin PBXFrameworksBuildPhase section */
		EDD1598B255A81EA00011C8E /* Frameworks */ = {
			isa = PBXFrameworksBuildPhase;
			buildActionMask = 2147483647;
			files = (
				EDC2AAFA165C7AB6EF7E36A4 /* Pods_LibraryCollections.framework in Frameworks */,
			);
			runOnlyForDeploymentPostprocessing = 0;
		};
/* End PBXFrameworksBuildPhase section */

/* Begin PBXGroup section */
		720A101981D641F94CD3CC03 /* Pods */ = {
			isa = PBXGroup;
			children = (
				420535B4894ADE9AB2A3F647 /* Pods-LibraryCollections.debug.xcconfig */,
				C5294EA4EBB0CCAF2BA5D1CC /* Pods-LibraryCollections.release.xcconfig */,
			);
			path = Pods;
			sourceTree = "<group>";
		};
		CD1C906DDDD1D0E072DA7A2A /* Frameworks */ = {
			isa = PBXGroup;
			children = (
				6D05BBE899326F0DBB4455D9 /* Pods_LibraryCollections.framework */,
			);
			name = Frameworks;
			sourceTree = "<group>";
		};
		ED33F7C7255CC90E00C7C90C /* api */ = {
			isa = PBXGroup;
			children = (
				ED33F7CC255CC99400C7C90C /* ApiUtils.swift */,
			);
			path = api;
			sourceTree = "<group>";
		};
		ED33F7D6255CCF3300C7C90C /* util */ = {
			isa = PBXGroup;
			children = (
				EDA6074D2563752E004C6530 /* dictionary */,
				ED33FA4C255E7DDA00C7C90C /* AESCipher.h */,
				ED33FA4B255E7DDA00C7C90C /* AESCipher.m */,
				ED33F7D7255CCF4200C7C90C /* CommonUtils.swift */,
				ED33FA50255E7E7000C7C90C /* ViewUtils.swift */,
			);
			path = util;
			sourceTree = "<group>";
		};
		ED33F8E8255D19D400C7C90C /* component */ = {
			isa = PBXGroup;
			children = (
				ED59FE4025665EDD00745289 /* wmsegmentcontrol */,
				ED33F9F5255E275000C7C90C /* radioitem */,
				ED33F9F2255E275000C7C90C /* spinner */,
				ED33F902255D1E9300C7C90C /* captcha */,
				ED33F906255D20A600C7C90C /* LayoutHelper */,
				ED33F9E8255E232900C7C90C /* qrscanner */,
				ED33F8F0255D1A7B00C7C90C /* textfield */,
				ED33F8F4255D1B6600C7C90C /* view */,
				ED33FA01255E276100C7C90C /* NibLoadable.swift */,
			);
			path = component;
			sourceTree = "<group>";
		};
		ED33F8F0255D1A7B00C7C90C /* textfield */ = {
			isa = PBXGroup;
			children = (
				ED33F914255D21FB00C7C90C /* PasswordTextField */,
			);
			path = textfield;
			sourceTree = "<group>";
		};
		ED33F8F4255D1B6600C7C90C /* view */ = {
			isa = PBXGroup;
			children = (
				ED3D73D0257A0C620067CDA4 /* BaseLoadingView.swift */,
			);
			path = view;
			sourceTree = "<group>";
		};
		ED33F900255D1E0E00C7C90C /* images */ = {
			isa = PBXGroup;
			children = (
				ED1D565F258B441100A0CC97 /* ic_deeplink_shortcut.png */,
				ED1D5660258B441100A0CC97 /* img_sbackground.jpg */,
				ED1D5661258B441100A0CC97 /* img_splash.jpg */,
				EDD2A29C2578ED5900CEEF4D /* ic_blue_down.png */,
				EDD2A2992578ED0C00CEEF4D /* ic_radio_unselected.png */,
				ED25EB402565062000C297D6 /* scan_qr_focus.png */,
				EDA608C12563BEAC004C6530 /* visibility_off.png */,
				EDA608C22563BEAC004C6530 /* visibility_on.png */,
			);
			path = images;
			sourceTree = "<group>";
		};
		ED33F902255D1E9300C7C90C /* captcha */ = {
			isa = PBXGroup;
			children = (
				ED33F903255D1E9300C7C90C /* CaptchaGenerator.swift */,
			);
			path = captcha;
			sourceTree = "<group>";
		};
		ED33F906255D20A600C7C90C /* LayoutHelper */ = {
			isa = PBXGroup;
			children = (
				ED33F907255D20A600C7C90C /* UIButtonHelper.swift */,
				ED33F908255D20A600C7C90C /* NSLayoutHelper.swift */,
				ED33F909255D20A600C7C90C /* DeviceHelper.swift */,
				ED33F90A255D20A600C7C90C /* UITextViewHelper.swift */,
				ED33F90B255D20A600C7C90C /* UILabelHelper.swift */,
				ED33F90C255D20A600C7C90C /* UITextFieldHelper.swift */,
			);
			path = LayoutHelper;
			sourceTree = "<group>";
		};
		ED33F914255D21FB00C7C90C /* PasswordTextField */ = {
			isa = PBXGroup;
			children = (
				ED33F915255D21FB00C7C90C /* PasswordTextField.swift */,
				ED33F916255D21FB00C7C90C /* BundleUtil.swift */,
				ED33F917255D21FB00C7C90C /* PasswordRule.swift */,
				ED33F918255D21FB00C7C90C /* RegexRule.swift */,
				ED33F919255D21FB00C7C90C /* Ruleable.swift */,
				ED33F91A255D21FB00C7C90C /* PasswordTextField.h */,
				ED33F91B255D21FB00C7C90C /* SecureTextToggleButton.swift */,
			);
			path = PasswordTextField;
			sourceTree = "<group>";
		};
		ED33F9E8255E232900C7C90C /* qrscanner */ = {
			isa = PBXGroup;
			children = (
				ED33F9E9255E232900C7C90C /* QRScannerView.swift */,
				ED33F9EA255E232900C7C90C /* QRScanner.h */,
				ED33F9EB255E232900C7C90C /* QRScannerError.swift */,
			);
			path = qrscanner;
			sourceTree = "<group>";
		};
		ED33F9F2255E275000C7C90C /* spinner */ = {
			isa = PBXGroup;
			children = (
				ED33F9F3255E275000C7C90C /* CustomSpinner.xib */,
				ED33F9F4255E275000C7C90C /* CustomSpinner.swift */,
			);
			path = spinner;
			sourceTree = "<group>";
		};
		ED33F9F5255E275000C7C90C /* radioitem */ = {
			isa = PBXGroup;
			children = (
				ED33F9F6255E275000C7C90C /* CustomRadioLabelItem.xib */,
				ED33F9F7255E275100C7C90C /* CustomRadioTextFieldItem.xib */,
				ED33F9F8255E275100C7C90C /* CustomRadioTextFieldItem.swift */,
				ED33F9F9255E275100C7C90C /* CustomRadioLabelItem.swift */,
			);
			path = radioitem;
			sourceTree = "<group>";
		};
		ED33FA05255E27D400C7C90C /* extension */ = {
			isa = PBXGroup;
			children = (
				EDB9DC922562283300C6F2A7 /* UIButtonExtension.swift */,
				EDB9DBA02562178400C6F2A7 /* CALayerExtension.swift */,
				EDB9DB9F2562178400C6F2A7 /* CGFloatExtension.swift */,
				EDB9DBA12562178400C6F2A7 /* DateExtension.swift */,
				EDB9DB9E2562178400C6F2A7 /* StringExtension.swift */,
				EDB9DB982562177900C6F2A7 /* UIViewControllerExtension.swift */,
				ED33FA0E255E29AF00C7C90C /* UITextFieldExtension.swift */,
				ED33FA06255E280E00C7C90C /* UIViewExtension.swift */,
			);
			path = extension;
			sourceTree = "<group>";
		};
		ED5321BB256B61CA00399EC7 /* manager */ = {
			isa = PBXGroup;
			children = (
				ED9F1EE8258B3595003DD400 /* AuthenticationManager.swift */,
				ED9F1EEA258B3595003DD400 /* EventCalendarManager.swift */,
				ED9F1EEB258B3595003DD400 /* SpotlightManager.swift */,
				ED119B1E25748A8600AD0EFA /* CrashlyticManager.swift */,
				ED119B1D25748A8600AD0EFA /* PerformanceMonitorManager.swift */,
			);
			path = manager;
			sourceTree = "<group>";
		};
		ED59FE4025665EDD00745289 /* wmsegmentcontrol */ = {
			isa = PBXGroup;
			children = (
				ED59FE4125665EDD00745289 /* WMSegment.swift */,
			);
			path = wmsegmentcontrol;
			sourceTree = "<group>";
		};
		EDA6074D2563752E004C6530 /* dictionary */ = {
			isa = PBXGroup;
			children = (
				EDA6074E2563752E004C6530 /* OrderedDictionary+Deprecated.swift */,
				EDA6074F2563752E004C6530 /* OrderedDictionary+Codable.swift */,
				EDA607502563752E004C6530 /* OrderedDictionary.swift */,
				EDA607512563752E004C6530 /* OrderedDictionary+Description.swift */,
			);
			path = dictionary;
			sourceTree = "<group>";
		};
		EDD15984255A81EA00011C8E = {
			isa = PBXGroup;
			children = (
				EDD15990255A81EA00011C8E /* LibraryCollections */,
				EDD1598F255A81EA00011C8E /* Products */,
				720A101981D641F94CD3CC03 /* Pods */,
				CD1C906DDDD1D0E072DA7A2A /* Frameworks */,
			);
			sourceTree = "<group>";
		};
		EDD1598F255A81EA00011C8E /* Products */ = {
			isa = PBXGroup;
			children = (
				EDD1598E255A81EA00011C8E /* LibraryCollections.framework */,
			);
			name = Products;
			sourceTree = "<group>";
		};
		EDD15990255A81EA00011C8E /* LibraryCollections */ = {
			isa = PBXGroup;
			children = (
				ED33F7C7255CC90E00C7C90C /* api */,
				ED33F8E8255D19D400C7C90C /* component */,
				ED33FA05255E27D400C7C90C /* extension */,
				ED33F900255D1E0E00C7C90C /* images */,
				ED5321BB256B61CA00399EC7 /* manager */,
				ED33F7D6255CCF3300C7C90C /* util */,
				EDD15991255A81EA00011C8E /* LibraryCollections.h */,
				EDD15992255A81EA00011C8E /* Info.plist */,
			);
			path = LibraryCollections;
			sourceTree = "<group>";
		};
/* End PBXGroup section */

/* Begin PBXHeadersBuildPhase section */
		EDD15989255A81EA00011C8E /* Headers */ = {
			isa = PBXHeadersBuildPhase;
			buildActionMask = 2147483647;
			files = (
				EDD15993255A81EA00011C8E /* LibraryCollections.h in Headers */,
				ED33FA4E255E7DDA00C7C90C /* AESCipher.h in Headers */,
				ED33F9EE255E232900C7C90C /* QRScanner.h in Headers */,
				ED33F921255D21FB00C7C90C /* PasswordTextField.h in Headers */,
			);
			runOnlyForDeploymentPostprocessing = 0;
		};
/* End PBXHeadersBuildPhase section */

/* Begin PBXNativeTarget section */
		EDD1598D255A81EA00011C8E /* LibraryCollections */ = {
			isa = PBXNativeTarget;
			buildConfigurationList = EDD15996255A81EA00011C8E /* Build configuration list for PBXNativeTarget "LibraryCollections" */;
			buildPhases = (
				EA11AC9CEEB9E151EFC59F48 /* [CP] Check Pods Manifest.lock */,
				EDD15989255A81EA00011C8E /* Headers */,
				EDD1598A255A81EA00011C8E /* Sources */,
				EDD1598B255A81EA00011C8E /* Frameworks */,
				EDD1598C255A81EA00011C8E /* Resources */,
			);
			buildRules = (
			);
			dependencies = (
			);
			name = LibraryCollections;
			productName = LibraryCollections;
			productReference = EDD1598E255A81EA00011C8E /* LibraryCollections.framework */;
			productType = "com.apple.product-type.framework";
		};
/* End PBXNativeTarget section */

/* Begin PBXProject section */
		EDD15985255A81EA00011C8E /* Project object */ = {
			isa = PBXProject;
			attributes = {
				LastUpgradeCheck = 1210;
				TargetAttributes = {
					EDD1598D255A81EA00011C8E = {
						CreatedOnToolsVersion = 12.1;
						LastSwiftMigration = 1210;
					};
				};
			};
			buildConfigurationList = EDD15988255A81EA00011C8E /* Build configuration list for PBXProject "LibraryCollections" */;
			compatibilityVersion = "Xcode 9.3";
			developmentRegion = en;
			hasScannedForEncodings = 0;
			knownRegions = (
				en,
				Base,
			);
			mainGroup = EDD15984255A81EA00011C8E;
			productRefGroup = EDD1598F255A81EA00011C8E /* Products */;
			projectDirPath = "";
			projectRoot = "";
			targets = (
				EDD1598D255A81EA00011C8E /* LibraryCollections */,
			);
		};
/* End PBXProject section */

/* Begin PBXResourcesBuildPhase section */
		EDD1598C255A81EA00011C8E /* Resources */ = {
			isa = PBXResourcesBuildPhase;
			buildActionMask = 2147483647;
			files = (
				ED1D5662258B441100A0CC97 /* ic_deeplink_shortcut.png in Resources */,
				ED1D5663258B441100A0CC97 /* img_sbackground.jpg in Resources */,
				ED33F9FD255E275100C7C90C /* CustomRadioTextFieldItem.xib in Resources */,
				ED33F9FC255E275100C7C90C /* CustomRadioLabelItem.xib in Resources */,
				ED25EB412565062000C297D6 /* scan_qr_focus.png in Resources */,
				EDD2A29A2578ED0C00CEEF4D /* ic_radio_unselected.png in Resources */,
				ED1D5664258B441100A0CC97 /* img_splash.jpg in Resources */,
				EDA608C42563BEAC004C6530 /* visibility_on.png in Resources */,
				EDD2A29D2578ED5900CEEF4D /* ic_blue_down.png in Resources */,
				ED33F9FA255E275100C7C90C /* CustomSpinner.xib in Resources */,
				EDA608C32563BEAC004C6530 /* visibility_off.png in Resources */,
			);
			runOnlyForDeploymentPostprocessing = 0;
		};
/* End PBXResourcesBuildPhase section */

/* Begin PBXShellScriptBuildPhase section */
		EA11AC9CEEB9E151EFC59F48 /* [CP] Check Pods Manifest.lock */ = {
			isa = PBXShellScriptBuildPhase;
			buildActionMask = 2147483647;
			files = (
			);
			inputFileListPaths = (
			);
			inputPaths = (
				"${PODS_PODFILE_DIR_PATH}/Podfile.lock",
				"${PODS_ROOT}/Manifest.lock",
			);
			name = "[CP] Check Pods Manifest.lock";
			outputFileListPaths = (
			);
			outputPaths = (
				"$(DERIVED_FILE_DIR)/Pods-LibraryCollections-checkManifestLockResult.txt",
			);
			runOnlyForDeploymentPostprocessing = 0;
			shellPath = /bin/sh;
			shellScript = "diff \"${PODS_PODFILE_DIR_PATH}/Podfile.lock\" \"${PODS_ROOT}/Manifest.lock\" > /dev/null\nif [ $? != 0 ] ; then\n    # print error to STDERR\n    echo \"error: The sandbox is not in sync with the Podfile.lock. Run 'pod install' or update your CocoaPods installation.\" >&2\n    exit 1\nfi\n# This output is used by Xcode 'outputs' to avoid re-running this script phase.\necho \"SUCCESS\" > \"${SCRIPT_OUTPUT_FILE_0}\"\n";
			showEnvVarsInLog = 0;
		};
/* End PBXShellScriptBuildPhase section */

/* Begin PBXSourcesBuildPhase section */
		EDD1598A255A81EA00011C8E /* Sources */ = {
			isa = PBXSourcesBuildPhase;
			buildActionMask = 2147483647;
			files = (
				ED33F9FE255E275100C7C90C /* CustomRadioTextFieldItem.swift in Sources */,
				EDB9DBA72562178400C6F2A7 /* DateExtension.swift in Sources */,
				ED33F9FB255E275100C7C90C /* CustomSpinner.swift in Sources */,
				ED119B1F25748A8600AD0EFA /* PerformanceMonitorManager.swift in Sources */,
				ED33F9FF255E275100C7C90C /* CustomRadioLabelItem.swift in Sources */,
				ED9F1EEF258B3595003DD400 /* SpotlightManager.swift in Sources */,
				ED33F904255D1E9300C7C90C /* CaptchaGenerator.swift in Sources */,
				EDB9DBA42562178400C6F2A7 /* StringExtension.swift in Sources */,
				ED33F922255D21FB00C7C90C /* SecureTextToggleButton.swift in Sources */,
				EDB9DC932562283300C6F2A7 /* UIButtonExtension.swift in Sources */,
				ED33F91F255D21FB00C7C90C /* RegexRule.swift in Sources */,
				ED33FA07255E280E00C7C90C /* UIViewExtension.swift in Sources */,
				ED33F912255D20A600C7C90C /* UITextFieldHelper.swift in Sources */,
				ED33F7CD255CC99400C7C90C /* ApiUtils.swift in Sources */,
				ED3D73D1257A0C620067CDA4 /* BaseLoadingView.swift in Sources */,
				EDB9DBA52562178400C6F2A7 /* CGFloatExtension.swift in Sources */,
				ED33FA02255E276100C7C90C /* NibLoadable.swift in Sources */,
				ED33FA0F255E29AF00C7C90C /* UITextFieldExtension.swift in Sources */,
				ED33FA51255E7E7000C7C90C /* ViewUtils.swift in Sources */,
				ED119B2025748A8600AD0EFA /* CrashlyticManager.swift in Sources */,
				ED33F90E255D20A600C7C90C /* NSLayoutHelper.swift in Sources */,
				EDA607522563752E004C6530 /* OrderedDictionary+Deprecated.swift in Sources */,
				ED9F1EEE258B3595003DD400 /* EventCalendarManager.swift in Sources */,
				EDB9DB9A2562177A00C6F2A7 /* UIViewControllerExtension.swift in Sources */,
				ED33F7D8255CCF4200C7C90C /* CommonUtils.swift in Sources */,
				ED59FE4225665EDD00745289 /* WMSegment.swift in Sources */,
				EDA607542563752E004C6530 /* OrderedDictionary.swift in Sources */,
				ED33F90F255D20A600C7C90C /* DeviceHelper.swift in Sources */,
				ED33F90D255D20A600C7C90C /* UIButtonHelper.swift in Sources */,
				ED33F920255D21FB00C7C90C /* Ruleable.swift in Sources */,
				EDA607552563752E004C6530 /* OrderedDictionary+Description.swift in Sources */,
				ED33F9EF255E232900C7C90C /* QRScannerError.swift in Sources */,
				ED33F91E255D21FB00C7C90C /* PasswordRule.swift in Sources */,
				ED33F910255D20A600C7C90C /* UITextViewHelper.swift in Sources */,
				ED33F91C255D21FB00C7C90C /* PasswordTextField.swift in Sources */,
				ED9F1EEC258B3595003DD400 /* AuthenticationManager.swift in Sources */,
				EDA607532563752E004C6530 /* OrderedDictionary+Codable.swift in Sources */,
				ED33F911255D20A600C7C90C /* UILabelHelper.swift in Sources */,
				ED33F91D255D21FB00C7C90C /* BundleUtil.swift in Sources */,
				ED33FA4D255E7DDA00C7C90C /* AESCipher.m in Sources */,
				ED33F9ED255E232900C7C90C /* QRScannerView.swift in Sources */,
				EDB9DBA62562178400C6F2A7 /* CALayerExtension.swift in Sources */,
			);
			runOnlyForDeploymentPostprocessing = 0;
		};
/* End PBXSourcesBuildPhase section */

/* Begin XCBuildConfiguration section */
		EDD15994255A81EA00011C8E /* Debug */ = {
			isa = XCBuildConfiguration;
			buildSettings = {
				ALWAYS_SEARCH_USER_PATHS = NO;
				CLANG_ANALYZER_NONNULL = YES;
				CLANG_ANALYZER_NUMBER_OBJECT_CONVERSION = YES_AGGRESSIVE;
				CLANG_CXX_LANGUAGE_STANDARD = "gnu++14";
				CLANG_CXX_LIBRARY = "libc++";
				CLANG_ENABLE_MODULES = YES;
				CLANG_ENABLE_OBJC_ARC = YES;
				CLANG_ENABLE_OBJC_WEAK = YES;
				CLANG_WARN_BLOCK_CAPTURE_AUTORELEASING = YES;
				CLANG_WARN_BOOL_CONVERSION = YES;
				CLANG_WARN_COMMA = YES;
				CLANG_WARN_CONSTANT_CONVERSION = YES;
				CLANG_WARN_DEPRECATED_OBJC_IMPLEMENTATIONS = YES;
				CLANG_WARN_DIRECT_OBJC_ISA_USAGE = YES_ERROR;
				CLANG_WARN_DOCUMENTATION_COMMENTS = YES;
				CLANG_WARN_EMPTY_BODY = YES;
				CLANG_WARN_ENUM_CONVERSION = YES;
				CLANG_WARN_INFINITE_RECURSION = YES;
				CLANG_WARN_INT_CONVERSION = YES;
				CLANG_WARN_NON_LITERAL_NULL_CONVERSION = YES;
				CLANG_WARN_OBJC_IMPLICIT_RETAIN_SELF = YES;
				CLANG_WARN_OBJC_LITERAL_CONVERSION = YES;
				CLANG_WARN_OBJC_ROOT_CLASS = YES_ERROR;
				CLANG_WARN_QUOTED_INCLUDE_IN_FRAMEWORK_HEADER = YES;
				CLANG_WARN_RANGE_LOOP_ANALYSIS = YES;
				CLANG_WARN_STRICT_PROTOTYPES = YES;
				CLANG_WARN_SUSPICIOUS_MOVE = YES;
				CLANG_WARN_UNGUARDED_AVAILABILITY = YES_AGGRESSIVE;
				CLANG_WARN_UNREACHABLE_CODE = YES;
				CLANG_WARN__DUPLICATE_METHOD_MATCH = YES;
				COPY_PHASE_STRIP = NO;
				CURRENT_PROJECT_VERSION = 1;
				DEBUG_INFORMATION_FORMAT = dwarf;
				ENABLE_STRICT_OBJC_MSGSEND = YES;
				ENABLE_TESTABILITY = YES;
				GCC_C_LANGUAGE_STANDARD = gnu11;
				GCC_DYNAMIC_NO_PIC = NO;
				GCC_NO_COMMON_BLOCKS = YES;
				GCC_OPTIMIZATION_LEVEL = 0;
				GCC_PREPROCESSOR_DEFINITIONS = (
					"DEBUG=1",
					"$(inherited)",
				);
				GCC_WARN_64_TO_32_BIT_CONVERSION = YES;
				GCC_WARN_ABOUT_RETURN_TYPE = YES_ERROR;
				GCC_WARN_UNDECLARED_SELECTOR = YES;
				GCC_WARN_UNINITIALIZED_AUTOS = YES_AGGRESSIVE;
				GCC_WARN_UNUSED_FUNCTION = YES;
				GCC_WARN_UNUSED_VARIABLE = YES;
				IPHONEOS_DEPLOYMENT_TARGET = 11.0;
				MTL_ENABLE_DEBUG_INFO = INCLUDE_SOURCE;
				MTL_FAST_MATH = YES;
				ONLY_ACTIVE_ARCH = YES;
				SDKROOT = iphoneos;
				SWIFT_ACTIVE_COMPILATION_CONDITIONS = DEBUG;
				SWIFT_OPTIMIZATION_LEVEL = "-Onone";
				VERSIONING_SYSTEM = "apple-generic";
				VERSION_INFO_PREFIX = "";
			};
			name = Debug;
		};
		EDD15995255A81EA00011C8E /* Release */ = {
			isa = XCBuildConfiguration;
			buildSettings = {
				ALWAYS_SEARCH_USER_PATHS = NO;
				CLANG_ANALYZER_NONNULL = YES;
				CLANG_ANALYZER_NUMBER_OBJECT_CONVERSION = YES_AGGRESSIVE;
				CLANG_CXX_LANGUAGE_STANDARD = "gnu++14";
				CLANG_CXX_LIBRARY = "libc++";
				CLANG_ENABLE_MODULES = YES;
				CLANG_ENABLE_OBJC_ARC = YES;
				CLANG_ENABLE_OBJC_WEAK = YES;
				CLANG_WARN_BLOCK_CAPTURE_AUTORELEASING = YES;
				CLANG_WARN_BOOL_CONVERSION = YES;
				CLANG_WARN_COMMA = YES;
				CLANG_WARN_CONSTANT_CONVERSION = YES;
				CLANG_WARN_DEPRECATED_OBJC_IMPLEMENTATIONS = YES;
				CLANG_WARN_DIRECT_OBJC_ISA_USAGE = YES_ERROR;
				CLANG_WARN_DOCUMENTATION_COMMENTS = YES;
				CLANG_WARN_EMPTY_BODY = YES;
				CLANG_WARN_ENUM_CONVERSION = YES;
				CLANG_WARN_INFINITE_RECURSION = YES;
				CLANG_WARN_INT_CONVERSION = YES;
				CLANG_WARN_NON_LITERAL_NULL_CONVERSION = YES;
				CLANG_WARN_OBJC_IMPLICIT_RETAIN_SELF = YES;
				CLANG_WARN_OBJC_LITERAL_CONVERSION = YES;
				CLANG_WARN_OBJC_ROOT_CLASS = YES_ERROR;
				CLANG_WARN_QUOTED_INCLUDE_IN_FRAMEWORK_HEADER = YES;
				CLANG_WARN_RANGE_LOOP_ANALYSIS = YES;
				CLANG_WARN_STRICT_PROTOTYPES = YES;
				CLANG_WARN_SUSPICIOUS_MOVE = YES;
				CLANG_WARN_UNGUARDED_AVAILABILITY = YES_AGGRESSIVE;
				CLANG_WARN_UNREACHABLE_CODE = YES;
				CLANG_WARN__DUPLICATE_METHOD_MATCH = YES;
				COPY_PHASE_STRIP = NO;
				CURRENT_PROJECT_VERSION = 1;
				DEBUG_INFORMATION_FORMAT = "dwarf-with-dsym";
				ENABLE_NS_ASSERTIONS = NO;
				ENABLE_STRICT_OBJC_MSGSEND = YES;
				GCC_C_LANGUAGE_STANDARD = gnu11;
				GCC_NO_COMMON_BLOCKS = YES;
				GCC_WARN_64_TO_32_BIT_CONVERSION = YES;
				GCC_WARN_ABOUT_RETURN_TYPE = YES_ERROR;
				GCC_WARN_UNDECLARED_SELECTOR = YES;
				GCC_WARN_UNINITIALIZED_AUTOS = YES_AGGRESSIVE;
				GCC_WARN_UNUSED_FUNCTION = YES;
				GCC_WARN_UNUSED_VARIABLE = YES;
				IPHONEOS_DEPLOYMENT_TARGET = 11.0;
				MTL_ENABLE_DEBUG_INFO = NO;
				MTL_FAST_MATH = YES;
				SDKROOT = iphoneos;
				SWIFT_COMPILATION_MODE = wholemodule;
				SWIFT_OPTIMIZATION_LEVEL = "-O";
				VALIDATE_PRODUCT = YES;
				VERSIONING_SYSTEM = "apple-generic";
				VERSION_INFO_PREFIX = "";
			};
			name = Release;
		};
		EDD15997255A81EA00011C8E /* Debug */ = {
			isa = XCBuildConfiguration;
			baseConfigurationReference = 420535B4894ADE9AB2A3F647 /* Pods-LibraryCollections.debug.xcconfig */;
			buildSettings = {
				CLANG_ENABLE_MODULES = YES;
				CODE_SIGN_STYLE = Automatic;
				DEFINES_MODULE = YES;
				DEVELOPMENT_TEAM = H2724L9BS5;
				DYLIB_COMPATIBILITY_VERSION = 1;
				DYLIB_CURRENT_VERSION = 1;
				DYLIB_INSTALL_NAME_BASE = "@rpath";
				INFOPLIST_FILE = LibraryCollections/Info.plist;
				INSTALL_PATH = "$(LOCAL_LIBRARY_DIR)/Frameworks";
				IPHONEOS_DEPLOYMENT_TARGET = 11.0;
				LD_RUNPATH_SEARCH_PATHS = (
					"$(inherited)",
					"@executable_path/Frameworks",
					"@loader_path/Frameworks",
				);
				MARKETING_VERSION = 1.1.60;
				PRODUCT_BUNDLE_IDENTIFIER = "com.library-collection.LibraryCollections";
				PRODUCT_NAME = "$(TARGET_NAME:c99extidentifier)";
				SKIP_INSTALL = YES;
				SWIFT_OPTIMIZATION_LEVEL = "-Onone";
				SWIFT_VERSION = 5.0;
				TARGETED_DEVICE_FAMILY = "1,2";
			};
			name = Debug;
		};
		EDD15998255A81EA00011C8E /* Release */ = {
			isa = XCBuildConfiguration;
			baseConfigurationReference = C5294EA4EBB0CCAF2BA5D1CC /* Pods-LibraryCollections.release.xcconfig */;
			buildSettings = {
				CLANG_ENABLE_MODULES = YES;
				CODE_SIGN_STYLE = Automatic;
				DEFINES_MODULE = YES;
				DEVELOPMENT_TEAM = H2724L9BS5;
				DYLIB_COMPATIBILITY_VERSION = 1;
				DYLIB_CURRENT_VERSION = 1;
				DYLIB_INSTALL_NAME_BASE = "@rpath";
				INFOPLIST_FILE = LibraryCollections/Info.plist;
				INSTALL_PATH = "$(LOCAL_LIBRARY_DIR)/Frameworks";
				IPHONEOS_DEPLOYMENT_TARGET = 11.0;
				LD_RUNPATH_SEARCH_PATHS = (
					"$(inherited)",
					"@executable_path/Frameworks",
					"@loader_path/Frameworks",
				);
				MARKETING_VERSION = 1.1.60;
				PRODUCT_BUNDLE_IDENTIFIER = "com.library-collection.LibraryCollections";
				PRODUCT_NAME = "$(TARGET_NAME:c99extidentifier)";
				SKIP_INSTALL = YES;
				SWIFT_VERSION = 5.0;
				TARGETED_DEVICE_FAMILY = "1,2";
			};
			name = Release;
		};
/* End XCBuildConfiguration section */

/* Begin XCConfigurationList section */
		EDD15988255A81EA00011C8E /* Build configuration list for PBXProject "LibraryCollections" */ = {
			isa = XCConfigurationList;
			buildConfigurations = (
				EDD15994255A81EA00011C8E /* Debug */,
				EDD15995255A81EA00011C8E /* Release */,
			);
			defaultConfigurationIsVisible = 0;
			defaultConfigurationName = Release;
		};
		EDD15996255A81EA00011C8E /* Build configuration list for PBXNativeTarget "LibraryCollections" */ = {
			isa = XCConfigurationList;
			buildConfigurations = (
				EDD15997255A81EA00011C8E /* Debug */,
				EDD15998255A81EA00011C8E /* Release */,
			);
			defaultConfigurationIsVisible = 0;
			defaultConfigurationName = Release;
		};
/* End XCConfigurationList section */
	};
	rootObject = EDD15985255A81EA00011C8E /* Project object */;
}
